
Microsoft Visual Studio Solution File, Format Version 12.00
# Visual Studio Version 17
VisualStudioVersion = 17.6.33815.320
MinimumVisualStudioVersion = 10.0.40219.1
Project("{FAE04EC0-301F-11D3-BF4B-00C04F79EFBC}") = "FactoryMethod", "FactoryMethod\FactoryMethod.csproj", "{E851C188-0F8A-4C91-BBBC-A7EDE5A98E85}"
EndProject
Global
	GlobalSection(SolutionConfigurationPlatforms) = preSolution
		Debug|Any CPU = Debug|Any CPU
		Release|Any CPU = Release|Any CPU
	EndGlobalSection
	GlobalSection(ProjectConfigurationPlatforms) = postSolution
		{E851C188-0F8A-4C91-BBBC-A7EDE5A98E85}.Debug|Any CPU.ActiveCfg = Debug|Any CPU
		{E851C188-0F8A-4C91-BBBC-A7EDE5A98E85}.Debug|Any CPU.Build.0 = Debug|Any CPU
		{E851C188-0F8A-4C91-BBBC-A7EDE5A98E85}.Release|Any CPU.ActiveCfg = Release|Any CPU
		{E851C188-0F8A-4C91-BBBC-A7EDE5A98E85}.Release|Any CPU.Build.0 = Release|Any CPU
	EndGlobalSection
	GlobalSection(SolutionProperties) = preSolution
		HideSolutionNode = FALSE
	EndGlobalSection
	GlobalSection(ExtensibilityGlobals) = postSolution
		SolutionGuid = {21159A19-9E3B-4FC3-B8D0-C8D8FCAFBB3E}
	EndGlobalSection
EndGlobal
